
Microsoft Visual Studio Solution File, Format Version 10.00
# Visual Studio 2008
Project("{FAE04EC0-301F-11D3-BF4B-00C04F79EFBC}") = "ConsoleAgent", "ConsoleAgent\ConsoleAgent.csproj", "{99E5F714-3ED2-43FE-A85E-4A2259C2F4EA}"
EndProject
Project("{FAE04EC0-301F-11D3-BF4B-00C04F79EFBC}") = "ServiceAgent", "ServiceAgent\ServiceAgent.csproj", "{1F86B649-B376-4711-874E-1DD824E12D6C}"
EndProject
Project("{54435603-DBB4-11D2-8724-00A0C9A8B90C}") = "ServiceAgentSetup", "ServiceAgentSetup\ServiceAgentSetup.vdproj", "{8279E96E-EB22-4407-8613-49A367D2742B}"
EndProject
Project("{FAE04EC0-301F-11D3-BF4B-00C04F79EFBC}") = "pget", "pget\pget.csproj", "{B2E0FC1A-28D5-461F-88E1-3C066499B8D5}"
EndProject
Project("{FAE04EC0-301F-11D3-BF4B-00C04F79EFBC}") = "prun", "prun\prun.csproj", "{48B11D21-B213-41A7-9700-9D43BAC337B6}"
EndProject
Project("{FAE04EC0-301F-11D3-BF4B-00C04F79EFBC}") = "pservice", "pservice\pservice.csproj", "{05591966-4948-4D5A-A2C6-8137056120B9}"
EndProject
Project("{FAE04EC0-301F-11D3-BF4B-00C04F79EFBC}") = "pinfo", "pinfo\pinfo.csproj", "{FA3F0B0E-B6B5-40BF-BA44-59EFECA6D6F2}"
EndProject
Global
	GlobalSection(SolutionConfigurationPlatforms) = preSolution
		Debug|Any CPU = Debug|Any CPU
		Release|Any CPU = Release|Any CPU
	EndGlobalSection
	GlobalSection(ProjectConfigurationPlatforms) = postSolution
		{99E5F714-3ED2-43FE-A85E-4A2259C2F4EA}.Debug|Any CPU.ActiveCfg = Debug|Any CPU
		{99E5F714-3ED2-43FE-A85E-4A2259C2F4EA}.Debug|Any CPU.Build.0 = Debug|Any CPU
		{99E5F714-3ED2-43FE-A85E-4A2259C2F4EA}.Release|Any CPU.ActiveCfg = Release|Any CPU
		{99E5F714-3ED2-43FE-A85E-4A2259C2F4EA}.Release|Any CPU.Build.0 = Release|Any CPU
		{1F86B649-B376-4711-874E-1DD824E12D6C}.Debug|Any CPU.ActiveCfg = Debug|Any CPU
		{1F86B649-B376-4711-874E-1DD824E12D6C}.Debug|Any CPU.Build.0 = Debug|Any CPU
		{1F86B649-B376-4711-874E-1DD824E12D6C}.Release|Any CPU.ActiveCfg = Release|Any CPU
		{1F86B649-B376-4711-874E-1DD824E12D6C}.Release|Any CPU.Build.0 = Release|Any CPU
		{8279E96E-EB22-4407-8613-49A367D2742B}.Debug|Any CPU.ActiveCfg = Debug
		{8279E96E-EB22-4407-8613-49A367D2742B}.Debug|Any CPU.Build.0 = Debug
		{8279E96E-EB22-4407-8613-49A367D2742B}.Release|Any CPU.ActiveCfg = Release
		{8279E96E-EB22-4407-8613-49A367D2742B}.Release|Any CPU.Build.0 = Release
		{B2E0FC1A-28D5-461F-88E1-3C066499B8D5}.Debug|Any CPU.ActiveCfg = Debug|Any CPU
		{B2E0FC1A-28D5-461F-88E1-3C066499B8D5}.Debug|Any CPU.Build.0 = Debug|Any CPU
		{B2E0FC1A-28D5-461F-88E1-3C066499B8D5}.Release|Any CPU.ActiveCfg = Release|Any CPU
		{B2E0FC1A-28D5-461F-88E1-3C066499B8D5}.Release|Any CPU.Build.0 = Release|Any CPU
		{48B11D21-B213-41A7-9700-9D43BAC337B6}.Debug|Any CPU.ActiveCfg = Debug|Any CPU
		{48B11D21-B213-41A7-9700-9D43BAC337B6}.Debug|Any CPU.Build.0 = Debug|Any CPU
		{48B11D21-B213-41A7-9700-9D43BAC337B6}.Release|Any CPU.ActiveCfg = Release|Any CPU
		{48B11D21-B213-41A7-9700-9D43BAC337B6}.Release|Any CPU.Build.0 = Release|Any CPU
		{05591966-4948-4D5A-A2C6-8137056120B9}.Debug|Any CPU.ActiveCfg = Debug|Any CPU
		{05591966-4948-4D5A-A2C6-8137056120B9}.Debug|Any CPU.Build.0 = Debug|Any CPU
		{05591966-4948-4D5A-A2C6-8137056120B9}.Release|Any CPU.ActiveCfg = Release|Any CPU
		{05591966-4948-4D5A-A2C6-8137056120B9}.Release|Any CPU.Build.0 = Release|Any CPU
		{FA3F0B0E-B6B5-40BF-BA44-59EFECA6D6F2}.Debug|Any CPU.ActiveCfg = Debug|Any CPU
		{FA3F0B0E-B6B5-40BF-BA44-59EFECA6D6F2}.Debug|Any CPU.Build.0 = Debug|Any CPU
		{FA3F0B0E-B6B5-40BF-BA44-59EFECA6D6F2}.Release|Any CPU.ActiveCfg = Release|Any CPU
		{FA3F0B0E-B6B5-40BF-BA44-59EFECA6D6F2}.Release|Any CPU.Build.0 = Release|Any CPU
	EndGlobalSection
	GlobalSection(SolutionProperties) = preSolution
		HideSolutionNode = FALSE
	EndGlobalSection
EndGlobal
